<?xml version="1.0" encoding="utf-8"?>
<Project ToolsVersion="4.0" xmlns="http://schemas.microsoft.com/developer/msbuild/2003">
  <ItemGroup>
    <ClCompile Include="dll_main.cpp" />
    <ClCompile Include="interfaces\interfaces.cpp" />
    <ClCompile Include="hooks\hooks.cpp" />
    <ClCompile Include="utilities\globals.cpp" />
    <ClCompile Include="utilities\render_manager.cpp" />
    <ClCompile Include="utilities\utilities.cpp" />
    <ClCompile Include="menu\menu.cpp" />
    <ClCompile Include="menu\controls\checkbox.cpp" />
    <ClCompile Include="menu\controls\groupbox.cpp" />
    <ClCompile Include="menu\controls\slider.cpp" />
    <ClCompile Include="menu\settings.cpp" />
    <ClCompile Include="utilities\netvar_manager.cpp" />
    <ClCompile Include="features\visuals\visuals.cpp" />
    <ClCompile Include="features\features.cpp" />
    <ClCompile Include="menu\controls\color.cpp" />
    <ClCompile Include="features\misc\misc.cpp" />
    <ClCompile Include="menu\configs\configs.cpp" />
    <ClCompile Include="menu\controls\keybind.cpp" />
    <ClCompile Include="menu\controls\text.cpp" />
    <ClCompile Include="features\engine_prediction\engine_prediction.cpp" />
    <ClCompile Include="utilities\math.cpp" />
    <ClCompile Include="menu\controls\combobox.cpp" />
    <ClCompile Include="features\legit\legit_lag_comp.cpp" />
    <ClCompile Include="sdk\entities.cpp" />
    <ClCompile Include="features\rage\ragebot.cpp" />
  </ItemGroup>
  <ItemGroup>
    <ClInclude Include="utilities\utilities.h" />
    <ClInclude Include="sdk\i_surface.h" />
    <ClInclude Include="utilities\vector.h" />
    <ClInclude Include="utilities\vmt.h" />
    <ClInclude Include="sdk\structs.h" />
    <ClInclude Include="sdk\iv_engine_client.h" />
    <ClInclude Include="sdk\sdk.h" />
    <ClInclude Include="interfaces\interfaces.h" />
    <ClInclude Include="utilities\vmatrix.h" />
    <ClInclude Include="hooks\hooks.h" />
    <ClInclude Include="sdk\i_client_mode.h" />
    <ClInclude Include="sdk\i_client_entity.h" />
    <ClInclude Include="sdk\c_input.h" />
    <ClInclude Include="utilities\globals.h" />
    <ClInclude Include="sdk\i_panel.h" />
    <ClInclude Include="utilities\render_manager.h" />
    <ClInclude Include="sdk\c_global_vars.h" />
    <ClInclude Include="sdk\i_app_system.h" />
    <ClInclude Include="menu\menu.h" />
    <ClInclude Include="sdk\i_input_system.h" />
    <ClInclude Include="menu\settings.h" />
    <ClInclude Include="sdk\recv.h" />
    <ClInclude Include="sdk\client_class.h" />
    <ClInclude Include="utilities\netvar_manager.h" />
    <ClInclude Include="utilities\fnv.h" />
    <ClInclude Include="sdk\entities.h" />
    <ClInclude Include="sdk\i_client_entity_list.h" />
    <ClInclude Include="sdk\i_base_handle.h" />
    <ClInclude Include="features\visuals\visuals.h" />
    <ClInclude Include="utilities\math.h" />
    <ClInclude Include="sdk\materials.h" />
    <ClInclude Include="sdk\i_material_system.h" />
    <ClInclude Include="sdk\iv_model_render.h" />
    <ClInclude Include="features\misc\misc.h" />
    <ClInclude Include="menu\configs\configs.h" />
    <ClInclude Include="sdk\crc_checksum.h" />
    <ClInclude Include="sdk\c_prediction.h" />
    <ClInclude Include="features\engine_prediction\engine_prediction.h" />
    <ClInclude Include="features\legit\legit_lag_comp.h" />
    <ClInclude Include="sdk\studio.h" />
    <ClInclude Include="sdk\i_engine_trace.h" />
    <ClInclude Include="sdk\bsp_flags.h" />
    <ClInclude Include="sdk\collideable.h" />
    <ClInclude Include="features\misc\sfx\hitsounds.h" />
    <ClInclude Include="sdk\convar.h" />
    <ClInclude Include="sdk\weapon_definitions.h" />
    <ClInclude Include="features\rage\ragebot.h" />
    <ClInclude Include="sdk\i_physics.h" />
  </ItemGroup>
</Project>